
Microsoft Visual Studio Solution File, Format Version 12.00
# Visual Studio 15
VisualStudioVersion = 15.0.26403.7
MinimumVisualStudioVersion = 10.0.40219.1
Project("{FAE04EC0-301F-11D3-BF4B-00C04F79EFBC}") = "PairGame", "PairGame\PairGame.csproj", "{6FAE7973-9581-47AE-9F91-545FC56F3804}"
EndProject
Project("{FAE04EC0-301F-11D3-BF4B-00C04F79EFBC}") = "AudioEngine", "AudioEngine\AudioEngine.csproj", "{01AD05D3-2328-4B5D-845E-DDB5F43E0060}"
EndProject
Global
	GlobalSection(SolutionConfigurationPlatforms) = preSolution
		Debug|Any CPU = Debug|Any CPU
		Release|Any CPU = Release|Any CPU
	EndGlobalSection
	GlobalSection(ProjectConfigurationPlatforms) = postSolution
		{6FAE7973-9581-47AE-9F91-545FC56F3804}.Debug|Any CPU.ActiveCfg = Debug|Any CPU
		{6FAE7973-9581-47AE-9F91-545FC56F3804}.Debug|Any CPU.Build.0 = Debug|Any CPU
		{6FAE7973-9581-47AE-9F91-545FC56F3804}.Release|Any CPU.ActiveCfg = Release|Any CPU
		{6FAE7973-9581-47AE-9F91-545FC56F3804}.Release|Any CPU.Build.0 = Release|Any CPU
		{01AD05D3-2328-4B5D-845E-DDB5F43E0060}.Debug|Any CPU.ActiveCfg = Debug|Any CPU
		{01AD05D3-2328-4B5D-845E-DDB5F43E0060}.Debug|Any CPU.Build.0 = Debug|Any CPU
		{01AD05D3-2328-4B5D-845E-DDB5F43E0060}.Release|Any CPU.ActiveCfg = Release|Any CPU
		{01AD05D3-2328-4B5D-845E-DDB5F43E0060}.Release|Any CPU.Build.0 = Release|Any CPU
	EndGlobalSection
	GlobalSection(SolutionProperties) = preSolution
		HideSolutionNode = FALSE
	EndGlobalSection
EndGlobal
